
Microsoft Visual Studio Solution File, Format Version 11.00
# Visual Studio 2010
Project("{FAE04EC0-301F-11D3-BF4B-00C04F79EFBC}") = "Rogue Like", "Assembly-CSharp.csproj", "{6DA6CC05-2F7F-7F22-9153-FA7FD16C469D}"
EndProject
Global
	GlobalSection(SolutionConfigurationPlatforms) = preSolution
		Debug|Any CPU = Debug|Any CPU
		Release|Any CPU = Release|Any CPU
	EndGlobalSection
	GlobalSection(ProjectConfigurationPlatforms) = postSolution
		{6DA6CC05-2F7F-7F22-9153-FA7FD16C469D}.Debug|Any CPU.ActiveCfg = Debug|Any CPU
		{6DA6CC05-2F7F-7F22-9153-FA7FD16C469D}.Debug|Any CPU.Build.0 = Debug|Any CPU
		{6DA6CC05-2F7F-7F22-9153-FA7FD16C469D}.Release|Any CPU.ActiveCfg = Release|Any CPU
		{6DA6CC05-2F7F-7F22-9153-FA7FD16C469D}.Release|Any CPU.Build.0 = Release|Any CPU
	EndGlobalSection
	GlobalSection(SolutionProperties) = preSolution
		HideSolutionNode = FALSE
	EndGlobalSection
	GlobalSection(MonoDevelopProperties) = preSolution
		StartupItem = Assembly-CSharp.csproj
	EndGlobalSection
EndGlobal
